github.com/alexaandru/go-sitter-forest/bash v1.9.6 h1:08bixRLEPEeo5dUMUa5AkGRso5RA9T/gYJ1iqxx4lvk=
github.com/alexaandru/go-sitter-forest/bash v1.9.6/go.mod h1:n7akT/YMJSe0m+kKMZRzi+lQlXDjKU0vvYrrvejJ0no=
github.com/alexaandru/go-sitter-forest/css v1.9.4 h1:MBdaNeWhmIBqrxetO0HBiyit9Sfxw4WBukUPqHGA/Ho=
github.com/alexaandru/go-sitter-forest/css v1.9.4/go.mod h1:5lnhmNpkGjiHgp6LfEyUtcS11G4MDwgvaV0naJeJEY8=
github.com/alexaandru/go-sitter-forest/hyprlang v1.9.4 h1:l4/bc9oIyZxTB8xYSzbuRqiDJgxiaBd8DZfEvmD4bqU=
github.com/alexaandru/go-sitter-forest/hyprlang v1.9.4/go.mod h1:qcaksoN4pW/mnTxel57rzhMD9b4wA1gb1L1vTpTzgy8=
github.com/alexaandru/go-sitter-forest/ini v1.9.1 h1:Lz+N6ea6/maKhXZpU/hzRXskB5Sn1sd0aANJ+etgi/w=
github.com/alexaandru/go-sitter-forest/ini v1.9.1/go.mod h1:qMK0DjEEMSa3945DUsx3m2TdG24wBBYDInUpm3r7UjU=
github.com/alexaandru/go-sitter-forest/json v1.9.1 h1:MVV+keFXs6jHuu7rM1O1AzTUIA/W253J4aI8j61S8aI=
github.com/alexaandru/go-sitter-forest/json v1.9.1/go.mod h1:w47YGXJx8OuLuU5qE2NpyFsTF1dlJgILXD1A01OeXno=
github.com/alexaandru/go-sitter-forest/lua v1.9.3 h1:A3Tas9sLRVc1kgD4Q477xhW+BfZzm2bnX4xO4bTSUNY=
github.com/alexaandru/go-sitter-forest/lua v1.9.3/go.mod h1:7MFGPolXojnCrVMHI9TIpB1OCLY8n18Cb4XyKr+hmfE=
github.com/alexaandru/go-sitter-forest/python v1.9.10 h1:qKbso5wI4vlkQ0EjZBO5hRrxwqf0tmGLVdbzasZCcrg=
github.com/alexaandru/go-sitter-forest/python v1.9.10/go.mod h1:CXs3nuPcj4p3FqY8BnvJqsJ0vbsrda6Oj3sQDyRumNY=
github.com/alexaandru/go-sitter-forest/qmljs v1.9.3 h1:7OOSJvHggtXh8DEHJx1vimGRvuufBXSTo/P61iI4ip0=
github.com/alexaandru/go-sitter-forest/qmljs v1.9.3/go.mod h1:223A7TGlMLa3N7ecpatvH7BCXY0I9sP2J4ZIeOM88lU=
github.com/alexaandru/go-sitter-forest/scss v1.9.0 h1:pneGwflZc4D1bNCOAGxegtK1X43zHX6/GPqG/BwWc+U=
github.com/alexaandru/go-sitter-forest/scss v1.9.0/go.mod h1:W7eHAtq2sswPKPOnCSPcsd3ceXEw9UwdTDe92Hlh9o0=
github.com/alexaandru/go-sitter-forest/toml v1.9.2 h1:L+v4HZwovnP1w0qQZYrzl7gK6lKAWaaqfRkN3cdg7rw=
github.com/alexaandru/go-sitter-forest/toml v1.9.2/go.mod h1:aSXzrMFEjrdby4bvRiUq6OmaD6FeEtLX+b5Y4C/vK+I=
github.com/alexaandru/go-sitter-forest/yaml v1.9.6 h1:QwFVl8fvUDlYlrYP6TbBJo23Ej3cNhCR7NXSjgFPDA8=
github.com/alexaandru/go-sitter-forest/yaml v1.9.6/go.mod h1:ylpn3Lek1cElYsYq8ONRK6TJ78ntXYGIcLSjKAHqZ5Y=
github.com/alexaandru/go-tree-sitter-bare v1.11.0 h1:hRg0R09Kukx2il7ZEec570L/zG4SlM9VwEYR7kkh2nY=
github.com/alexaandru/go-tree-sitter-bare v1.11.0/go.mod h1:D0p+tpA7QXGADKpNHG9qTc1EXTg/tS/DO4cQdd0cSUg=
github.com/cespare/xxhash/v2 v2.3.0 h1:UL815xU9SqsFlibzuggzjXhog7bL6oX9BbNZnL2UFvs=
github.com/cespare/xxhash/v2 v2.3.0/go.mod h1:VGX0DQ3Q6kWi7AoAeZDth3/j3BFtOZR5XLFGgcrjCOs=
github.com/cpuguy83/go-md2man/v2 v2.0.6/go.mod h1:oOW0eioCTA6cOiMLiUPZOpcVxMig6NIQQ7OS05n1F4g=
github.com/inconshreveable/mousetrap v1.1.0 h1:wN+x4NVGpMsO7ErUn/mUI3vEoE6Jt13X2s0bqwp9tc8=
github.com/inconshreveable/mousetrap v1.1.0/go.mod h1:vpF70FUmC8bwa3OWnCshd2FqLfsEA9PFc4w1p2J65bw=
github.com/mattn/go-sqlite3 v1.14.45 h1:6KA/spDguL3KV8rnybG7ezSaE4SeMR3KC9VbUoAQaIk=
github.com/mattn/go-sqlite3 v1.14.45/go.mod h1:pjEuOr8IwzLJP2MfGeTb0A35jauH+C2kbHKBr7yXKVQ=
github.com/russross/blackfriday/v2 v2.1.0/go.mod h1:+Rmxgy9KzJVeS9/2gXHxylqXiyQDYRxCVz55jmeOWTM=
github.com/spf13/cobra v1.10.2 h1:DMTTonx5m65Ic0GOoRY2c16WCbHxOOw6xxezuLaBpcU=
github.com/spf13/cobra v1.10.2/go.mod h1:7C1pvHqHw5A4vrJfjNwvOdzYu0Gml16OCs2GRiTUUS4=
github.com/spf13/pflag v1.0.9 h1:9exaQaMOCwffKiiiYk6/BndUBv+iRViNW+4lEMi0PvY=
github.com/spf13/pflag v1.0.9/go.mod h1:McXfInJRrz4CZXVZOBLb0bTZqETkiAhM9Iw0y3An2Bg=
go.yaml.in/yaml/v3 v3.0.4/go.mod h1:DhzuOOF2ATzADvBadXxruRBLzYTpT36CKvDb3+aBEFg=
gopkg.in/check.v1 v0.0.0-20161208181325-20d25e280405/go.mod h1:Co6ibVJAznAaIkqp8huTwlJQCZ016jof/cbN4VW5Yz0=
